{
  "projects": [
    {
      "projectId": "d3CzdkbVigKSoVX8yBjtix",
      "version": "latest",
      "dependencies": {},
      "lang": "js",
      "fileLocks": [
        {
          "type": "globalVariant",
          "assetId": "hfmUcITyrXi2x7",
          "checksum": "cda5a882f2dc7aae7987bbd62b847768"
        },
        {
          "assetId": "d3CzdkbVigKSoVX8yBjtix",
          "type": "projectCss",
          "checksum": "46afd5342ad751e2b16c10c302c1c06f"
        },
        {
          "type": "renderModule",
          "assetId": "7gotmB8P4X3trl",
          "checksum": "a7441d3bdba3a8c86b47e2635672a847"
        },
        {
          "type": "cssRules",
          "assetId": "7gotmB8P4X3trl",
          "checksum": "a7441d3bdba3a8c86b47e2635672a847"
        },
        {
          "type": "renderModule",
          "assetId": "buqh-jLEpUGOFi",
          "checksum": "0ee63f6d9bde645b1aa846dc57c3f1a7"
        },
        {
          "type": "cssRules",
          "assetId": "buqh-jLEpUGOFi",
          "checksum": "0ee63f6d9bde645b1aa846dc57c3f1a7"
        },
        {
          "type": "renderModule",
          "assetId": "mvOFeaVZnsJKLT",
          "checksum": "27d1945213ec195561ff50559aeb724c"
        },
        {
          "type": "cssRules",
          "assetId": "mvOFeaVZnsJKLT",
          "checksum": "27d1945213ec195561ff50559aeb724c"
        },
        {
          "type": "renderModule",
          "assetId": "_3yeSdJM8zCXTE",
          "checksum": "d38cb0e8a52df08e1735b56b0b301506"
        },
        {
          "type": "cssRules",
          "assetId": "_3yeSdJM8zCXTE",
          "checksum": "d38cb0e8a52df08e1735b56b0b301506"
        },
        {
          "type": "renderModule",
          "assetId": "0GJhn4Yg6J5JLp",
          "checksum": "509cd9f1dc84035565205f290f676333"
        },
        {
          "type": "cssRules",
          "assetId": "0GJhn4Yg6J5JLp",
          "checksum": "509cd9f1dc84035565205f290f676333"
        },
        {
          "type": "renderModule",
          "assetId": "6tqiYh5rrzotWf",
          "checksum": "a91aa84c5c4ec2a3b5e26b57030533c5"
        },
        {
          "type": "cssRules",
          "assetId": "6tqiYh5rrzotWf",
          "checksum": "a91aa84c5c4ec2a3b5e26b57030533c5"
        },
        {
          "type": "renderModule",
          "assetId": "-a3JAk2g6Kx68P",
          "checksum": "d8848e8c3a96b054d755a39ad77d2f0f"
        },
        {
          "type": "cssRules",
          "assetId": "-a3JAk2g6Kx68P",
          "checksum": "d8848e8c3a96b054d755a39ad77d2f0f"
        },
        {
          "type": "renderModule",
          "assetId": "yOGFjVfD2hzW1K",
          "checksum": "4dbe69ca8c353230010767d4b5fb5f92"
        },
        {
          "type": "cssRules",
          "assetId": "yOGFjVfD2hzW1K",
          "checksum": "4dbe69ca8c353230010767d4b5fb5f92"
        },
        {
          "type": "renderModule",
          "assetId": "TSJ1e_oc--oyLy",
          "checksum": "d2ef1ca037a69f329709651ce50fd145"
        },
        {
          "type": "cssRules",
          "assetId": "TSJ1e_oc--oyLy",
          "checksum": "d2ef1ca037a69f329709651ce50fd145"
        },
        {
          "type": "renderModule",
          "assetId": "IkR8z96iLXK-B9",
          "checksum": "b1e95620b855bfb788c80dfa3be94216"
        },
        {
          "type": "cssRules",
          "assetId": "IkR8z96iLXK-B9",
          "checksum": "b1e95620b855bfb788c80dfa3be94216"
        },
        {
          "type": "renderModule",
          "assetId": "p8HkMmpuANlwiZ",
          "checksum": "b017dce20945452ef1e40963b075f4be"
        },
        {
          "type": "cssRules",
          "assetId": "p8HkMmpuANlwiZ",
          "checksum": "b017dce20945452ef1e40963b075f4be"
        },
        {
          "type": "renderModule",
          "assetId": "XnRj5vi9utn_HS",
          "checksum": "ef91269e164b52ad581d8d55a8b3ee43"
        },
        {
          "type": "cssRules",
          "assetId": "XnRj5vi9utn_HS",
          "checksum": "ef91269e164b52ad581d8d55a8b3ee43"
        },
        {
          "type": "renderModule",
          "assetId": "KW0odC5RbHYU9d",
          "checksum": "b218e38bd63ad0301fe038e83caa1887"
        },
        {
          "type": "cssRules",
          "assetId": "KW0odC5RbHYU9d",
          "checksum": "b218e38bd63ad0301fe038e83caa1887"
        },
        {
          "type": "renderModule",
          "assetId": "UrEbICrkwEs8Y2",
          "checksum": "d6b1d2591b54ad8b285bce6e06fc1dff"
        },
        {
          "type": "cssRules",
          "assetId": "UrEbICrkwEs8Y2",
          "checksum": "d6b1d2591b54ad8b285bce6e06fc1dff"
        },
        {
          "type": "renderModule",
          "assetId": "YXSoCEBF3v7r07",
          "checksum": "0800eae659db00503f8ecc9def6a4cc9"
        },
        {
          "type": "cssRules",
          "assetId": "YXSoCEBF3v7r07",
          "checksum": "0800eae659db00503f8ecc9def6a4cc9"
        },
        {
          "type": "renderModule",
          "assetId": "mhVu1OTRY_osrv",
          "checksum": "1eb1bdf3e06914dd3913c3e88cbc0d3c"
        },
        {
          "type": "cssRules",
          "assetId": "mhVu1OTRY_osrv",
          "checksum": "1eb1bdf3e06914dd3913c3e88cbc0d3c"
        },
        {
          "type": "renderModule",
          "assetId": "qHxTQmSUkQakhY",
          "checksum": "62450994551f71b957ffe89b4ea7c7e1"
        },
        {
          "type": "cssRules",
          "assetId": "qHxTQmSUkQakhY",
          "checksum": "62450994551f71b957ffe89b4ea7c7e1"
        },
        {
          "type": "renderModule",
          "assetId": "ljzVk4zBuS7BLT",
          "checksum": "e063d84c16654002a5c4f26866e482c3"
        },
        {
          "type": "cssRules",
          "assetId": "ljzVk4zBuS7BLT",
          "checksum": "e063d84c16654002a5c4f26866e482c3"
        },
        {
          "type": "icon",
          "assetId": "O0MkAVvJP7OBsv",
          "checksum": "dd922116e89300bd969b7fd0dda2a3c9"
        },
        {
          "type": "icon",
          "assetId": "huC5VsEaPbprtz",
          "checksum": "b02c1dbfc3892fcaece422cc51394b08"
        },
        {
          "type": "icon",
          "assetId": "NdggmImZFPhK2V",
          "checksum": "b687fbbdec96654fdcaaf27b0aaa637c"
        },
        {
          "type": "icon",
          "assetId": "KQ0q47Cu4-rfiD",
          "checksum": "45311e221e0bfb615a2aecaf4f241130"
        },
        {
          "type": "icon",
          "assetId": "YP7CAYLEZiungp",
          "checksum": "9979cac028dd60b7fedc61cb4d7de8b9"
        },
        {
          "type": "icon",
          "assetId": "6Z7B47L8lKhMIP",
          "checksum": "3e315f6f848bf59d74ec344e3c6fae17"
        },
        {
          "type": "icon",
          "assetId": "u21l5WRBGIqJxp",
          "checksum": "1f23b2eceb25416664a9a29bb9618a58"
        },
        {
          "type": "icon",
          "assetId": "AxTzFna-E0k8Bt",
          "checksum": "7cf9e6f16b27af8e1250a236c0e0d8ad"
        },
        {
          "type": "icon",
          "assetId": "_kj1T7tllM6D_9",
          "checksum": "4907377ff78fb06d04cbccb6cf8ba936"
        },
        {
          "type": "image",
          "assetId": "hRBAASPR2ZnMkB",
          "checksum": "8d9d22d90d4837ec9ebbece253bac7bd"
        },
        {
          "type": "image",
          "assetId": "bsn5VHi19B1tSC",
          "checksum": "239cfc375621f8939ae6301529cdd793"
        },
        {
          "type": "image",
          "assetId": "jjHT6pCAc1kNJM",
          "checksum": "7b228b1e0ce1a560a893ac1db32a90df"
        },
        {
          "type": "image",
          "assetId": "tP-oGsvtigQ8D9",
          "checksum": "4eacd8d8d4014b752f4a1786a9a662a3"
        },
        {
          "type": "image",
          "assetId": "CYSBvlFVogixMG",
          "checksum": "8b4178b892b425da26c36da15b609eeb"
        },
        {
          "type": "image",
          "assetId": "3VRRubs3MgzIJV",
          "checksum": "7a98fa2828fa134aee9d914391679620"
        }
      ]
    }
  ],
  "cliVersion": "0.1.157"
}
